<?xml version="1.0" encoding="utf-8"?>
<Project ToolsVersion="4.0" xmlns="http://schemas.microsoft.com/developer/msbuild/2003">
  <ItemGroup>
    <Filter Include="Source Files">
      <UniqueIdentifier>{4FC737F1-C7A5-4376-A066-2A32D752A2FF}</UniqueIdentifier>
      <Extensions>cpp;c;cc;cxx;c++;cppm;ixx;def;odl;idl;hpj;bat;asm;asmx</Extensions>
    </Filter>
    <Filter Include="Header Files">
      <UniqueIdentifier>{93995380-89BD-4b04-88EB-625FBE52EBFB}</UniqueIdentifier>
      <Extensions>h;hh;hpp;hxx;h++;hm;inl;inc;ipp;xsd</Extensions>
    </Filter>
    <Filter Include="Resource Files">
      <UniqueIdentifier>{67DA6AB6-F800-4c08-8B7A-83BB121AAD01}</UniqueIdentifier>
      <Extensions>rc;ico;cur;bmp;dlg;rc2;rct;bin;rgs;gif;jpg;jpeg;jpe;resx;tiff;tif;png;wav;mfcribbon-ms</Extensions>
    </Filter>
    <Filter Include="Header Files\Deep">
      <UniqueIdentifier>{d84dae11-d496-4d61-a0f6-be2fca315365}</UniqueIdentifier>
    </Filter>
    <Filter Include="Header Files\Deep\Debug">
      <UniqueIdentifier>{dfe6fced-2901-445e-a4f3-eb6c5403ad3b}</UniqueIdentifier>
    </Filter>
    <Filter Include="Source Files\Deep">
      <UniqueIdentifier>{aa43b436-b9f6-4115-84c6-573b11439141}</UniqueIdentifier>
    </Filter>
    <Filter Include="Source Files\Deep\Debug">
      <UniqueIdentifier>{85689752-8309-4b5e-9a01-8f7ddfbee412}</UniqueIdentifier>
    </Filter>
  </ItemGroup>
  <ItemGroup>
    <ClCompile Include="guppies.cpp">
      <Filter>Source Files</Filter>
    </ClCompile>
    <ClCompile Include="main.cpp">
      <Filter>Source Files</Filter>
    </ClCompile>
    <ClCompile Include="renderer.cpp">
      <Filter>Source Files</Filter>
    </ClCompile>
    <ClCompile Include="Deep_Debug_Memory.cpp">
      <Filter>Source Files\Deep\Debug</Filter>
    </ClCompile>
  </ItemGroup>
  <ItemGroup>
    <ClInclude Include="main.h">
      <Filter>Header Files</Filter>
    </ClInclude>
    <ClInclude Include="renderer.h">
      <Filter>Header Files</Filter>
    </ClInclude>
    <ClInclude Include="Deep_Debug_Memory.h">
      <Filter>Header Files\Deep\Debug</Filter>
    </ClInclude>
    <ClInclude Include="Deep_Debug_Memory_Def.h">
      <Filter>Header Files\Deep\Debug</Filter>
    </ClInclude>
    <ClInclude Include="Deep_Debug_Memory_Undef.h">
      <Filter>Header Files\Deep\Debug</Filter>
    </ClInclude>
    <ClInclude Include="Deep_Debug.h">
      <Filter>Header Files\Deep\Debug</Filter>
    </ClInclude>
    <ClInclude Include="Deep.h">
      <Filter>Header Files\Deep</Filter>
    </ClInclude>
    <ClInclude Include="Deep_Modules.h">
      <Filter>Header Files\Deep</Filter>
    </ClInclude>
  </ItemGroup>
</Project>